<?xml version="1.0"?>
<Project ToolsVersion="4.0" xmlns="http://schemas.microsoft.com/developer/msbuild/2003">
	<ItemGroup>
		<Filter Include="Source Files">
			<UniqueIdentifier>{4FC737F1-C7A5-4376-A066-2A32D752A2FF}</UniqueIdentifier>
			<Extensions>cpp;c;cc;cxx;def;odl;idl;hpj;bat;asm;asmx</Extensions>
		</Filter>
		<Filter Include="Header Files">
			<UniqueIdentifier>{93995380-89BD-4b04-88EB-625FBE52EBFB}</UniqueIdentifier>
			<Extensions>h;hh;hpp;hxx;hm;inl;inc;xsd</Extensions>
		</Filter>
		<Filter Include="Resource Files">
			<UniqueIdentifier>{54f0adeb-8b31-4c2f-979f-e4ee6840b918}</UniqueIdentifier>
		</Filter>
		<Filter Include="Source Files\Steamworks">
			<UniqueIdentifier>{6db9dbd5-6d5c-4f70-94e5-523fbcf69c75}</UniqueIdentifier>
		</Filter>
		<Filter Include="Source Files\Game">
			<UniqueIdentifier>{1a430258-2bc8-4d33-b6f1-84a974bba2c0}</UniqueIdentifier>
		</Filter>
		<Filter Include="Header Files\Game">
			<UniqueIdentifier>{fffb3907-599d-4991-8eb4-0b47570890c1}</UniqueIdentifier>
		</Filter>
	</ItemGroup>
	<ItemGroup>
		<ClCompile Include="Source\Leadwerks.cpp">
			<Filter>Source Files</Filter>
		</ClCompile>
		<ClCompile Include="Source\main.cpp">
			<Filter>Source Files</Filter>
		</ClCompile>
		<ClCompile Include="Source\Steamworks\Steamworks.cpp">
			<Filter>Source Files\Steamworks</Filter>
		</ClCompile>
		<ClCompile Include="Source\SelectDevice.cpp">
			<Filter>Source Files</Filter>
		</ClCompile>
		<ClCompile Include="Source\Encryption.cpp">
			<Filter>Source Files</Filter>
		</ClCompile>
		<ClCompile Include="Source\Game\Game.cpp">
			<Filter>Source Files\Game</Filter>
		</ClCompile>
		<ClCompile Include="Source\Game\GameMenu.cpp">
			<Filter>Source Files\Game</Filter>
		</ClCompile>
		<ClCompile Include="Source\Entities\AI\Enemy.cpp">
			<Filter>Source Files\Entities\AI</Filter>
		</ClCompile>
		<ClCompile Include="Source\Entities\AI\Monster.cpp">
			<Filter>Source Files\Entities\AI</Filter>
		</ClCompile>
		<ClCompile Include="Source\Entities\Appearance\ChangeEmission.cpp">
			<Filter>Source Files\Entities\Appearance</Filter>
		</ClCompile>
		<ClCompile Include="Source\Entities\Appearance\ChangeVisibility.cpp">
			<Filter>Source Files\Entities\Appearance</Filter>
		</ClCompile>
		<ClCompile Include="Source\Entities\BaseComponent.cpp">
			<Filter>Source Files\Entities</Filter>
		</ClCompile>
		<ClCompile Include="Source\Entities\Logic\MultiRelay.cpp">
			<Filter>Source Files\Entities\Logic</Filter>
		</ClCompile>
		<ClCompile Include="Source\Entities\Logic\Relay.cpp">
			<Filter>Source Files\Entities\Logic</Filter>
		</ClCompile>
		<ClCompile Include="Source\Entities\Motion\Mover.cpp">
			<Filter>Source Files\Entities\Motion</Filter>
		</ClCompile>
		<ClCompile Include="Source\Entities\Physics\SlidingDoor.cpp">
			<Filter>Source Files\Entities\Physics</Filter>
		</ClCompile>
		<ClCompile Include="Source\Entities\Physics\SwingingDoor.cpp">
			<Filter>Source Files\Entities\Physics</Filter>
		</ClCompile>
		<ClCompile Include="Source\Entities\Player\CameraControls.cpp">
			<Filter>Source Files\Entities\Player</Filter>
		</ClCompile>
		<ClCompile Include="Source\Entities\Player\FPSPlayer.cpp">
			<Filter>Source Files\Entities\Player</Filter>
		</ClCompile>
		<ClCompile Include="Source\Entities\Player\Player.cpp">
			<Filter>Source Files\Entities\Player</Filter>
		</ClCompile>
		<ClCompile Include="Source\Entities\Player\VRPlayer.cpp">
			<Filter>Source Files\Entities\Player</Filter>
		</ClCompile>
		<ClCompile Include="Source\Entities\Sound\AmbientNoise.cpp">
			<Filter>Source Files\Entities\Sound</Filter>
		</ClCompile>
		<ClCompile Include="Source\Entities\Sound\ImpactNoise.cpp">
			<Filter>Source Files\Entities\Sound</Filter>
		</ClCompile>
		<ClCompile Include="Source\Entities\Triggers\CollisionTrigger.cpp">
			<Filter>Source Files\Entities\Triggers</Filter>
		</ClCompile>
		<ClCompile Include="Source\Entities\Triggers\PushButton.cpp">
			<Filter>Source Files\Entities\Triggers</Filter>
		</ClCompile>
		<ClCompile Include="Source\Entities\Weapons\Bullet.cpp">
			<Filter>Source Files\Entities\Weapons</Filter>
		</ClCompile>
		<ClCompile Include="Source\Entities\Weapons\FPSGun.cpp">
			<Filter>Source Files\Entities\Weapons</Filter>
		</ClCompile>
		<ClCompile Include="Source\Entities\Weapons\FPSWeapon.cpp">
			<Filter>Source Files\Entities\Weapons</Filter>
		</ClCompile>
		<ClCompile Include="Source\Entities\Weapons\Projectile.cpp">
			<Filter>Source Files\Entities\Weapons</Filter>
		</ClCompile>
	</ItemGroup>
	<ItemGroup>
		<ClInclude Include="Source\resource.h">
			<Filter>Header Files</Filter>
		</ClInclude>
		<ClInclude Include="Source\targetver.h">
			<Filter>Header Files</Filter>
		</ClInclude>
		<ClInclude Include="Source\ComponentSystem.h">
			<Filter>Header Files</Filter>
		</ClInclude>
		<ClInclude Include="Source\CustomEvents.h">
			<Filter>Header Files</Filter>
		</ClInclude>
		<ClInclude Include="Source\Game\Game.h">
			<Filter>Header Files\Game</Filter>
		</ClInclude>
		<ClInclude Include="Source\Game\GameMenu.h">
			<Filter>Header Files\Game</Filter>
		</ClInclude>
		<ClInclude Include="Source\Encryption.h">
			<Filter>Header Files</Filter>
		</ClInclude>
		<ClInclude Include="Source\Entities\AI\Enemy.h">
			<Filter>Header Files\Entities\AI</Filter>
		</ClInclude>
		<ClInclude Include="Source\Entities\AI\Monster.h">
			<Filter>Header Files\Entities\AI</Filter>
		</ClInclude>
		<ClInclude Include="Source\Entities\Appearance\ChangeEmission.h">
			<Filter>Header Files\Entities\Appearance</Filter>
		</ClInclude>
		<ClInclude Include="Source\Entities\Appearance\ChangeVisibility.h">
			<Filter>Header Files\Entities\Appearance</Filter>
		</ClInclude>
		<ClInclude Include="Source\Entities\BaseComponent.h">
			<Filter>Header Files\Entities</Filter>
		</ClInclude>
		<ClInclude Include="Source\Entities\Logic\MultiRelay.h">
			<Filter>Header Files\Entities\Logic</Filter>
		</ClInclude>
		<ClInclude Include="Source\Entities\Logic\Relay.h">
			<Filter>Header Files\Entities\Logic</Filter>
		</ClInclude>
		<ClInclude Include="Source\Entities\Motion\Mover.h">
			<Filter>Header Files\Entities\Motion</Filter>
		</ClInclude>
		<ClInclude Include="Source\Entities\Physics\SlidingDoor.h">
			<Filter>Header Files\Entities\Physics</Filter>
		</ClInclude>
		<ClInclude Include="Source\Entities\Physics\SwingingDoor.h">
			<Filter>Header Files\Entities\Physics</Filter>
		</ClInclude>
		<ClInclude Include="Source\Entities\Player\CameraControls.h">
			<Filter>Header Files\Entities\Player</Filter>
		</ClInclude>
		<ClInclude Include="Source\Entities\Player\FPSPlayer.h">
			<Filter>Header Files\Entities\Player</Filter>
		</ClInclude>
		<ClInclude Include="Source\Entities\Player\Player.h">
			<Filter>Header Files\Entities\Player</Filter>
		</ClInclude>
		<ClInclude Include="Source\Entities\Player\VRPlayer.h">
			<Filter>Header Files\Entities\Player</Filter>
		</ClInclude>
		<ClInclude Include="Source\Entities\Sound\AmbientNoise.h">
			<Filter>Header Files\Entities\Sound</Filter>
		</ClInclude>
		<ClInclude Include="Source\Entities\Sound\ImpactNoise.h">
			<Filter>Header Files\Entities\Sound</Filter>
		</ClInclude>
		<ClInclude Include="Source\Entities\Triggers\CollisionTrigger.h">
			<Filter>Header Files\Entities\Triggers</Filter>
		</ClInclude>
		<ClInclude Include="Source\Entities\Triggers\PushButton.h">
			<Filter>Header Files\Entities\Triggers</Filter>
		</ClInclude>
		<ClInclude Include="Source\Entities\Weapons\Bullet.h">
			<Filter>Header Files\Entities\Weapons</Filter>
		</ClInclude>
		<ClInclude Include="Source\Entities\Weapons\FPSGun.h">
			<Filter>Header Files\Entities\Weapons</Filter>
		</ClInclude>
		<ClInclude Include="Source\Entities\Weapons\FPSWeapon.h">
			<Filter>Header Files\Entities\Weapons</Filter>
		</ClInclude>
		<ClInclude Include="Source\Entities\Weapons\Projectile.h">
			<Filter>Header Files\Entities\Weapons</Filter>
		</ClInclude>
		<ClInclude Include="Source\Steamworks\public\steam\isteamapps.h">
			<Filter>Header Files\Steamworks\public\steam</Filter>
		</ClInclude>
		<ClInclude Include="Source\Steamworks\public\steam\isteamappticket.h">
			<Filter>Header Files\Steamworks\public\steam</Filter>
		</ClInclude>
		<ClInclude Include="Source\Steamworks\public\steam\isteamclient.h">
			<Filter>Header Files\Steamworks\public\steam</Filter>
		</ClInclude>
		<ClInclude Include="Source\Steamworks\public\steam\isteamcontroller.h">
			<Filter>Header Files\Steamworks\public\steam</Filter>
		</ClInclude>
		<ClInclude Include="Source\Steamworks\public\steam\isteamdualsense.h">
			<Filter>Header Files\Steamworks\public\steam</Filter>
		</ClInclude>
		<ClInclude Include="Source\Steamworks\public\steam\isteamfriends.h">
			<Filter>Header Files\Steamworks\public\steam</Filter>
		</ClInclude>
		<ClInclude Include="Source\Steamworks\public\steam\isteamgamecoordinator.h">
			<Filter>Header Files\Steamworks\public\steam</Filter>
		</ClInclude>
		<ClInclude Include="Source\Steamworks\public\steam\isteamgameserver.h">
			<Filter>Header Files\Steamworks\public\steam</Filter>
		</ClInclude>
		<ClInclude Include="Source\Steamworks\public\steam\isteamgameserverstats.h">
			<Filter>Header Files\Steamworks\public\steam</Filter>
		</ClInclude>
		<ClInclude Include="Source\Steamworks\public\steam\isteamhtmlsurface.h">
			<Filter>Header Files\Steamworks\public\steam</Filter>
		</ClInclude>
		<ClInclude Include="Source\Steamworks\public\steam\isteamhttp.h">
			<Filter>Header Files\Steamworks\public\steam</Filter>
		</ClInclude>
		<ClInclude Include="Source\Steamworks\public\steam\isteaminput.h">
			<Filter>Header Files\Steamworks\public\steam</Filter>
		</ClInclude>
		<ClInclude Include="Source\Steamworks\public\steam\isteaminventory.h">
			<Filter>Header Files\Steamworks\public\steam</Filter>
		</ClInclude>
		<ClInclude Include="Source\Steamworks\public\steam\isteammatchmaking.h">
			<Filter>Header Files\Steamworks\public\steam</Filter>
		</ClInclude>
		<ClInclude Include="Source\Steamworks\public\steam\isteammusic.h">
			<Filter>Header Files\Steamworks\public\steam</Filter>
		</ClInclude>
		<ClInclude Include="Source\Steamworks\public\steam\isteammusicremote.h">
			<Filter>Header Files\Steamworks\public\steam</Filter>
		</ClInclude>
		<ClInclude Include="Source\Steamworks\public\steam\isteamnetworking.h">
			<Filter>Header Files\Steamworks\public\steam</Filter>
		</ClInclude>
		<ClInclude Include="Source\Steamworks\public\steam\isteamnetworkingmessages.h">
			<Filter>Header Files\Steamworks\public\steam</Filter>
		</ClInclude>
		<ClInclude Include="Source\Steamworks\public\steam\isteamnetworkingsockets.h">
			<Filter>Header Files\Steamworks\public\steam</Filter>
		</ClInclude>
		<ClInclude Include="Source\Steamworks\public\steam\isteamnetworkingutils.h">
			<Filter>Header Files\Steamworks\public\steam</Filter>
		</ClInclude>
		<ClInclude Include="Source\Steamworks\public\steam\isteamparentalsettings.h">
			<Filter>Header Files\Steamworks\public\steam</Filter>
		</ClInclude>
		<ClInclude Include="Source\Steamworks\public\steam\isteamps3overlayrenderer.h">
			<Filter>Header Files\Steamworks\public\steam</Filter>
		</ClInclude>
		<ClInclude Include="Source\Steamworks\public\steam\isteamremoteplay.h">
			<Filter>Header Files\Steamworks\public\steam</Filter>
		</ClInclude>
		<ClInclude Include="Source\Steamworks\public\steam\isteamremotestorage.h">
			<Filter>Header Files\Steamworks\public\steam</Filter>
		</ClInclude>
		<ClInclude Include="Source\Steamworks\public\steam\isteamscreenshots.h">
			<Filter>Header Files\Steamworks\public\steam</Filter>
		</ClInclude>
		<ClInclude Include="Source\Steamworks\public\steam\isteamtimeline.h">
			<Filter>Header Files\Steamworks\public\steam</Filter>
		</ClInclude>
		<ClInclude Include="Source\Steamworks\public\steam\isteamugc.h">
			<Filter>Header Files\Steamworks\public\steam</Filter>
		</ClInclude>
		<ClInclude Include="Source\Steamworks\public\steam\isteamuser.h">
			<Filter>Header Files\Steamworks\public\steam</Filter>
		</ClInclude>
		<ClInclude Include="Source\Steamworks\public\steam\isteamuserstats.h">
			<Filter>Header Files\Steamworks\public\steam</Filter>
		</ClInclude>
		<ClInclude Include="Source\Steamworks\public\steam\isteamutils.h">
			<Filter>Header Files\Steamworks\public\steam</Filter>
		</ClInclude>
		<ClInclude Include="Source\Steamworks\public\steam\isteamvideo.h">
			<Filter>Header Files\Steamworks\public\steam</Filter>
		</ClInclude>
		<ClInclude Include="Source\Steamworks\public\steam\matchmakingtypes.h">
			<Filter>Header Files\Steamworks\public\steam</Filter>
		</ClInclude>
		<ClInclude Include="Source\Steamworks\public\steam\steam_api.h">
			<Filter>Header Files\Steamworks\public\steam</Filter>
		</ClInclude>
		<ClInclude Include="Source\Steamworks\public\steam\steam_api_common.h">
			<Filter>Header Files\Steamworks\public\steam</Filter>
		</ClInclude>
		<ClInclude Include="Source\Steamworks\public\steam\steam_api_flat.h">
			<Filter>Header Files\Steamworks\public\steam</Filter>
		</ClInclude>
		<ClInclude Include="Source\Steamworks\public\steam\steam_api_internal.h">
			<Filter>Header Files\Steamworks\public\steam</Filter>
		</ClInclude>
		<ClInclude Include="Source\Steamworks\public\steam\steam_gameserver.h">
			<Filter>Header Files\Steamworks\public\steam</Filter>
		</ClInclude>
		<ClInclude Include="Source\Steamworks\public\steam\steamclientpublic.h">
			<Filter>Header Files\Steamworks\public\steam</Filter>
		</ClInclude>
		<ClInclude Include="Source\Steamworks\public\steam\steamencryptedappticket.h">
			<Filter>Header Files\Steamworks\public\steam</Filter>
		</ClInclude>
		<ClInclude Include="Source\Steamworks\public\steam\steamhttpenums.h">
			<Filter>Header Files\Steamworks\public\steam</Filter>
		</ClInclude>
		<ClInclude Include="Source\Steamworks\public\steam\steamnetworkingfakeip.h">
			<Filter>Header Files\Steamworks\public\steam</Filter>
		</ClInclude>
		<ClInclude Include="Source\Steamworks\public\steam\steamnetworkingtypes.h">
			<Filter>Header Files\Steamworks\public\steam</Filter>
		</ClInclude>
		<ClInclude Include="Source\Steamworks\public\steam\steamps3params.h">
			<Filter>Header Files\Steamworks\public\steam</Filter>
		</ClInclude>
		<ClInclude Include="Source\Steamworks\public\steam\steamtypes.h">
			<Filter>Header Files\Steamworks\public\steam</Filter>
		</ClInclude>
		<ClInclude Include="Source\Steamworks\public\steam\steamuniverse.h">
			<Filter>Header Files\Steamworks\public\steam</Filter>
		</ClInclude>
		<ClInclude Include="Source\Steamworks\Steamworks.h">
			<Filter>Header Files\Steamworks</Filter>
		</ClInclude>
	</ItemGroup>
	<ItemGroup>
		<ResourceCompile Include="Source\project.rc">
			<Filter>Resource Files</Filter>
		</ResourceCompile>
		<ResourceCompile Include="Source\projecticon.ico">
			<Filter>Resource Files</Filter>
		</ResourceCompile>
	</ItemGroup>
	<ItemGroup>
		<None Include="packages.config" />
	</ItemGroup>
	<ItemGroup>
		<Filter Include="Source Files\Entities">
			<UniqueIdentifier>{305ada95-25e0-45d5-92e8-943cf728a9fe}</UniqueIdentifier>
		</Filter>
	</ItemGroup>
	<ItemGroup>
		<Filter Include="Source Files\Entities\AI">
			<UniqueIdentifier>{b62db961-f024-4df5-a748-15f721adaf8f}</UniqueIdentifier>
		</Filter>
	</ItemGroup>
	<ItemGroup>
		<Filter Include="Header Files\Entities">
			<UniqueIdentifier>{a86fc978-1430-49d3-9916-e066fda3ce09}</UniqueIdentifier>
		</Filter>
	</ItemGroup>
	<ItemGroup>
		<Filter Include="Header Files\Entities\AI">
			<UniqueIdentifier>{d4fd9c83-876c-4ed5-841a-697cefaec069}</UniqueIdentifier>
		</Filter>
	</ItemGroup>
	<ItemGroup>
		<Filter Include="Source Files\Entities\Appearance">
			<UniqueIdentifier>{e9b93a5b-5d48-4f4b-8fb9-49408b95d651}</UniqueIdentifier>
		</Filter>
	</ItemGroup>
	<ItemGroup>
		<Filter Include="Header Files\Entities\Appearance">
			<UniqueIdentifier>{58d9d6d8-ff01-4483-a5f4-35ea0fc5dca8}</UniqueIdentifier>
		</Filter>
	</ItemGroup>
	<ItemGroup>
		<Filter Include="Source Files\Entities\Logic">
			<UniqueIdentifier>{ca234ef0-98fe-436e-8ac9-aca9ea1b7a3a}</UniqueIdentifier>
		</Filter>
	</ItemGroup>
	<ItemGroup>
		<Filter Include="Header Files\Entities\Logic">
			<UniqueIdentifier>{5cbcecaf-7874-4504-802a-ca7ffb9b8583}</UniqueIdentifier>
		</Filter>
	</ItemGroup>
	<ItemGroup>
		<Filter Include="Source Files\Entities\Motion">
			<UniqueIdentifier>{6a884ae1-b271-4914-bdbd-777961428487}</UniqueIdentifier>
		</Filter>
	</ItemGroup>
	<ItemGroup>
		<Filter Include="Header Files\Entities\Motion">
			<UniqueIdentifier>{1d21cccf-0d92-43b7-81e6-5af09fb7b73a}</UniqueIdentifier>
		</Filter>
	</ItemGroup>
	<ItemGroup>
		<Filter Include="Source Files\Entities\Physics">
			<UniqueIdentifier>{d6049ef5-53bb-4665-aba8-9037b85d5a8f}</UniqueIdentifier>
		</Filter>
	</ItemGroup>
	<ItemGroup>
		<Filter Include="Header Files\Entities\Physics">
			<UniqueIdentifier>{9ed15bdf-ab48-40c9-bf97-0c8e52a80357}</UniqueIdentifier>
		</Filter>
	</ItemGroup>
	<ItemGroup>
		<Filter Include="Source Files\Entities\Player">
			<UniqueIdentifier>{3b24808d-6e91-474a-9d07-15a50aa01290}</UniqueIdentifier>
		</Filter>
	</ItemGroup>
	<ItemGroup>
		<Filter Include="Header Files\Entities\Player">
			<UniqueIdentifier>{0a921d70-2485-4d5a-9b3f-56acf3cceead}</UniqueIdentifier>
		</Filter>
	</ItemGroup>
	<ItemGroup>
		<Filter Include="Source Files\Entities\Sound">
			<UniqueIdentifier>{3a987e07-d537-4795-82bb-645ad5186ac7}</UniqueIdentifier>
		</Filter>
	</ItemGroup>
	<ItemGroup>
		<Filter Include="Header Files\Entities\Sound">
			<UniqueIdentifier>{d04f0047-4c9e-4a26-b471-ef5c314e585b}</UniqueIdentifier>
		</Filter>
	</ItemGroup>
	<ItemGroup>
		<Filter Include="Source Files\Entities\Triggers">
			<UniqueIdentifier>{c8204cbb-3eea-4136-ba7f-5cd95a2d9e01}</UniqueIdentifier>
		</Filter>
	</ItemGroup>
	<ItemGroup>
		<Filter Include="Header Files\Entities\Triggers">
			<UniqueIdentifier>{fb3eaf48-ecaf-4829-b95c-6b776cfbb9ab}</UniqueIdentifier>
		</Filter>
	</ItemGroup>
	<ItemGroup>
		<Filter Include="Source Files\Entities\Weapons">
			<UniqueIdentifier>{2b314980-d3de-4afb-8518-3d01d41fbd2f}</UniqueIdentifier>
		</Filter>
	</ItemGroup>
	<ItemGroup>
		<Filter Include="Header Files\Entities\Weapons">
			<UniqueIdentifier>{906994a4-0be6-4c76-8fa0-dea2cde8d6e0}</UniqueIdentifier>
		</Filter>
	</ItemGroup>
	<ItemGroup>
		<Filter Include="Header Files\Steamworks">
			<UniqueIdentifier>{109aa6fe-f267-43cf-9647-2577a6a81dbc}</UniqueIdentifier>
		</Filter>
	</ItemGroup>
	<ItemGroup>
		<Filter Include="Header Files\Steamworks\public">
			<UniqueIdentifier>{9916e0d9-d385-4c84-b0af-36828af9ce21}</UniqueIdentifier>
		</Filter>
	</ItemGroup>
	<ItemGroup>
		<Filter Include="Header Files\Steamworks\public\steam">
			<UniqueIdentifier>{9a1148d9-a4c6-4fc7-a745-b724857d9b1f}</UniqueIdentifier>
		</Filter>
	</ItemGroup>
</Project>
